
Microsoft Visual Studio Solution File, Format Version 12.00
# Visual Studio Version 17
VisualStudioVersion = 17.11.35327.3
MinimumVisualStudioVersion = 10.0.40219.1
Project("{FAE04EC0-301F-11D3-BF4B-00C04F79EFBC}") = "Hospital", "Hospital\Hospital.csproj", "{333E251D-F5AA-400A-9A22-FA6426CF5825}"
EndProject
Global
	GlobalSection(SolutionConfigurationPlatforms) = preSolution
		Debug|Any CPU = Debug|Any CPU
		Release|Any CPU = Release|Any CPU
	EndGlobalSection
	GlobalSection(ProjectConfigurationPlatforms) = postSolution
		{333E251D-F5AA-400A-9A22-FA6426CF5825}.Debug|Any CPU.ActiveCfg = Debug|Any CPU
		{333E251D-F5AA-400A-9A22-FA6426CF5825}.Debug|Any CPU.Build.0 = Debug|Any CPU
		{333E251D-F5AA-400A-9A22-FA6426CF5825}.Release|Any CPU.ActiveCfg = Release|Any CPU
		{333E251D-F5AA-400A-9A22-FA6426CF5825}.Release|Any CPU.Build.0 = Release|Any CPU
	EndGlobalSection
	GlobalSection(SolutionProperties) = preSolution
		HideSolutionNode = FALSE
	EndGlobalSection
	GlobalSection(ExtensibilityGlobals) = postSolution
		SolutionGuid = {DE6C837D-B230-4AE2-BBA9-9F38FD04F716}
	EndGlobalSection
EndGlobal
